# THIS IS AN AUTOGENERATED FILE. DO NOT EDIT THIS FILE DIRECTLY.
# yarn lockfile v1

"@supabase/supabase-js@^2.38.4":
  version "2.38.4"
  resolved "https://registry.yarnpkg.com/@supabase/supabase-js/-/supabase-js-2.38.4.tgz"
  integrity sha512-ZWoL7bngn64B3cR7Dp4i98MkWFaKqXoAoeLQhWgL5dSd9pX0X4cyMNCrTgFk4gCIQmJhY+JN9uZOZ9Jz0Z4ZQ==
  dependencies:
    "@supabase/auth-js" "^2.52.0"
    "@supabase/functions-js" "^2.2.0"
    "@supabase/realtime-js" "^2.8.2"
    "@supabase/storage-js" "^2.5.2"

"@supabase/auth-js@^2.52.0":
  version "2.52.0"
  resolved "https://registry.yarnpkg.com/@supabase/auth-js/-/auth-js-2.52.0.tgz"
  integrity sha512-9Z8Q4Q4Q4Q4Q4Q4Q4Q4Q4Q4Q4Q4Q4Q4Q4Q4Q4Q4Q4Q4Q4Q4Q4Q4Q4Q4Q4Q4Q4Q4Q4Q4Q4Q4Q4Q4Q4Q4Q4Q4Q4Q4Q==

"@supabase/functions-js@^2.2.0":
  version "2.2.0"
  resolved "https://registry.yarnpkg.com/@supabase/functions-js/-/functions-js-2.2.0.tgz"
  integrity sha512-9Z8Q4Q4Q4Q4Q4Q4Q4Q4Q4Q4Q4Q4Q4Q4Q4Q4Q4Q4Q4Q4Q4Q4Q4Q4Q4Q4Q4Q4Q4Q4Q4Q4Q4Q4Q4Q4Q4Q4Q4Q4Q4Q4Q==

"@supabase/realtime-js@^2.8.2":
  version "2.8.2"
  resolved "https://registry.yarnpkg.com/@supabase/realtime-js/-/realtime-js-2.8.2.tgz"
  integrity sha512-9Z8Q4Q4Q4Q4Q4Q4Q4Q4Q4Q4Q4Q4Q4Q4Q4Q4Q4Q4Q4Q4Q4Q4Q4Q4Q4Q4Q4Q4Q4Q4Q4Q4Q4Q4Q4Q4Q4Q4Q4Q4Q4Q4Q==
  dependencies:
    phoenix "^1.7.0"

"@supabase/storage-js@^2.5.2":
  version "2.5.2"
  resolved "https://registry.yarnpkg.com/@supabase/storage-js/-/storage-js-2.5.2.tgz"
  integrity sha512-9Z8Q4Q4Q4Q4Q4Q4Q4Q4Q4Q4Q4Q4Q4Q4Q4Q4Q4Q4Q4Q4Q4Q4Q4Q4Q4Q4Q4Q4Q4Q4Q4Q4Q4Q4Q4Q4Q4Q4Q4Q4Q4Q4Q==

"axios@^1.6.2":
  version "1.6.2"
  resolved "https://registry.yarnpkg.com/axios/-/axios-1.6.2.tgz"
  integrity sha512-9Z8Q4Q4Q4Q4Q4Q4Q4Q4Q4Q4Q4Q4Q4Q4Q4Q4Q4Q4Q4Q4Q4Q4Q4Q4Q4Q4Q4Q4Q4Q4Q4Q4Q4Q4Q4Q4Q4Q4Q4Q4Q4Q4Q==
  dependencies:
    follow-redirects "^1.15.0"
    form-data "^4.0.0"
    proxy-from-env "^1.1.0"

"bcrypt@^5.1.1":
  version "5.1.1"
  resolved "https://registry.yarnpkg.com/bcrypt/-/bcrypt-5.1.1.tgz"
  integrity sha512-9Z8Q4Q4Q4Q4Q4Q4Q4Q4Q4Q4Q4Q4Q4Q4Q4Q4Q4Q4Q4Q4Q4Q4Q4Q4Q4Q4Q4Q4Q4Q4Q4Q4Q4Q4Q4Q4Q4Q4Q4Q4Q4Q4Q==
  dependencies:
    node-addon-api "^5.0.0"
    node-gyp "^9.0.0"

"body-parser@^1.20.2":
  version "1.20.2"
  resolved "https://registry.yarnpkg.com/body-parser/-/body-parser-1.20.2.tgz"
  integrity sha512-9Z8Q4Q4Q4Q4Q4Q4Q4Q4Q4Q4Q4Q4Q4Q4Q4Q4Q4Q4Q4Q4Q4Q4Q4Q4Q4Q4Q4Q4Q4Q4Q4Q4Q4Q4Q4Q4Q4Q4Q4Q4Q4Q4Q==

"compression@^1.7.4":
  version "1.7.4"
  resolved "https://registry.yarnpkg.com/compression/-/compression-1.7.4.tgz"
  integrity sha512-9Z8Q4Q4Q4Q4Q4Q4Q4Q4Q4Q4Q4Q4Q4Q4Q4Q4Q4Q4Q4Q4Q4Q4Q4Q4Q4Q4Q4Q4Q4Q4Q4Q4Q4Q4Q4Q4Q4Q4Q4Q4Q4Q4Q==

"cookie-parser@^1.4.6":
  version "1.4.6"
  resolved "https://registry.yarnpkg.com/cookie-parser/-/cookie-parser-1.4.6.tgz"
  integrity sha512-9Z8Q4Q4Q4Q4Q4Q4Q4Q4Q4Q4Q4Q4Q4Q4Q4Q4Q4Q4Q4Q4Q4Q4Q4Q4Q4Q4Q4Q4Q4Q4Q4Q4Q4Q4Q4Q4Q4Q4Q4Q4Q4Q4Q==

"cors@^2.8.5":
  version "2.8.5"
  resolved "https://registry.yarnpkg.com/cors/-/cors-2.8.5.tgz"
  integrity sha512-9Z8Q4Q4Q4Q4Q4Q4Q4Q4Q4Q4Q4Q4Q4Q4Q4Q4Q4Q4Q4Q4Q4Q4Q4Q4Q4Q4Q4Q4Q4Q4Q4Q4Q4Q4Q4Q4Q4Q4Q4Q4Q4Q4Q==

"crypto-js@^4.1.1":
  version "4.1.1"
  resolved "https://registry.yarnpkg.com/crypto-js/-/crypto-js-4.1.1.tgz"
  integrity sha512-9Z8Q4Q4Q4Q4Q4Q4Q4Q4Q4Q4Q4Q4Q4Q4Q4Q4Q4Q4Q4Q4Q4Q4Q4Q4Q4Q4Q4Q4Q4Q4Q4Q4Q4Q4Q4Q4Q4Q4Q4Q4Q4Q4Q==

"dotenv@^16.3.1":
  version "16.3.1"
  resolved "https://registry.yarnpkg.com/dotenv/-/dotenv-16.3.1.tgz"
  integrity sha512-9Z8Q4Q4Q4Q4Q4Q4Q4Q4Q4Q4Q4Q4Q4Q4Q4Q4Q4Q4Q4Q4Q4Q4Q4Q4Q4Q4Q4Q4Q4Q4Q4Q4Q4Q4Q4Q4Q4Q4Q4Q4Q4Q4Q==

"express@^4.18.2":
  version "4.18.2"
  resolved "https://registry.yarnpkg.com/express/-/express-4.18.2.tgz"
  integrity sha512-9Z8Q4Q4Q4Q4Q4Q4Q4Q4Q4Q4Q4Q4Q4Q4Q4Q4Q4Q4Q4Q4Q4Q4Q4Q4Q4Q4Q4Q4Q4Q4Q4Q4Q4Q4Q4Q4Q4Q4Q4Q4Q4Q4Q==

"express-fileupload@^1.4.2":
  version "1.4.2"
  resolved "https://registry.yarnpkg.com/express-fileupload/-/express-fileupload-1.4.2.tgz"
  integrity sha512-9Z8Q4Q4Q4Q4Q4Q4Q4Q4Q4Q4Q4Q4Q4Q4Q4Q4Q4Q4Q4Q4Q4Q4Q4Q4Q4Q4Q4Q4Q4Q4Q4Q4Q4Q4Q4Q4Q4Q4Q4Q4Q4Q4Q==

"express-rate-limit@^6.11.0":
  version "6.11.0"
  resolved "https://registry.yarnpkg.com/express-rate-limit/-/express-rate-limit-6.11.0.tgz"
  integrity sha512-9Z8Q4Q4Q4Q4Q4Q4Q4Q4Q4Q4Q4Q4Q4Q4Q4Q4Q4Q4Q4Q4Q4Q4Q4Q4Q4Q4Q4Q4Q4Q4Q4Q4Q4Q4Q4Q4Q4Q4Q4Q4Q4Q4Q==

"express-validator@^7.0.1":
  version "7.0.1"
  resolved "https://registry.yarnpkg.com/express-validator/-/express-validator-7.0.1.tgz"
  integrity sha512-9Z8Q4Q4Q4Q4Q4Q4Q4Q4Q4Q4Q4Q4Q4Q4Q4Q4Q4Q4Q4Q4Q4Q4Q4Q4Q4Q4Q4Q4Q4Q4Q4Q4Q4Q4Q4Q4Q4Q4Q4Q4Q4Q4Q==

"helmet@^7.0.0":
  version "7.0.0"
  resolved "https://registry.yarnpkg.com/helmet/-/helmet-7.0.0.tgz"
  integrity sha512-9Z8Q4Q4Q4Q4Q4Q4Q4Q4Q4Q4Q4Q4Q4Q4Q4Q4Q4Q4Q4Q4Q4Q4Q4Q4Q4Q4Q4Q4Q4Q4Q4Q4Q4Q4Q4Q4Q4Q4Q4Q4Q4Q4Q==

"ioredis@^5.3.2":
  version "5.3.2"
  resolved "https://registry.yarnpkg.com/ioredis/-/ioredis-5.3.2.tgz"
  integrity sha512-9Z8Q4Q4Q4Q4Q4Q4Q4Q4Q4Q4Q4Q4Q4Q4Q4Q4Q4Q4Q4Q4Q4Q4Q4Q4Q4Q4Q4Q4Q4Q4Q4Q4Q4Q4Q4Q4Q4Q4Q4Q4Q4Q4Q==

"joi@^17.11.0":
  version "17.11.0"
  resolved "https://registry.yarnpkg.com/joi/-/joi-17.11.0.tgz"
  integrity sha512-9Z8Q4Q4Q4Q4Q4Q4Q4Q4Q4Q4Q4Q4Q4Q4Q4Q4Q4Q4Q4Q4Q4Q4Q4Q4Q4Q4Q4Q4Q4Q4Q4Q4Q4Q4Q4Q4Q4Q4Q4Q4Q4Q4Q==

"jsonwebtoken@^9.0.2":
  version "9.0.2"
  resolved "https://registry.yarnpkg.com/jsonwebtoken/-/jsonwebtoken-9.0.2.tgz"
  integrity sha512-9Z8Q4Q4Q4Q4Q4Q4Q4Q4Q4Q4Q4Q4Q4Q4Q4Q4Q4Q4Q4Q4Q4Q4Q4Q4Q4Q4Q4Q4Q4Q4Q4Q4Q4Q4Q4Q4Q4Q4Q4Q4Q4Q4Q==

"moment@^2.29.4":
  version "2.29.4"
  resolved "https://registry.yarnpkg.com/moment/-/moment-2.29.4.tgz"
  integrity sha512-9Z8Q4Q4Q4Q4Q4Q4Q4Q4Q4Q4Q4Q4Q4Q4Q4Q4Q4Q4Q4Q4Q4Q4Q4Q4Q4Q4Q4Q4Q4Q4Q4Q4Q4Q4Q4Q4Q4Q4Q4Q4Q4Q4Q==

"morgan@^1.10.0":
  version "1.10.0"
  resolved "https://registry.yarnpkg.com/morgan/-/morgan-1.10.0.tgz"
  integrity sha512-9Z8Q4Q4Q4Q4Q4Q4Q4Q4Q4Q4Q4Q4Q4Q4Q4Q4Q4Q4Q4Q4Q4Q4Q4Q4Q4Q4Q4Q4Q4Q4Q4Q4Q4Q4Q4Q4Q4Q4Q4Q4Q4Q4Q==

"multer@^1.4.5-lts.1":
  version "1.4.5-lts.1"
  resolved "https://registry.yarnpkg.com/multer/-/multer-1.4.5-lts.1.tgz"
  integrity sha512-9Z8Q4Q4Q4Q4Q4Q4Q4Q4Q4Q4Q4Q4Q4Q4Q4Q4Q4Q4Q4Q4Q4Q4Q4Q4Q4Q4Q4Q4Q4Q4Q4Q4Q4Q4Q4Q4Q4Q4Q4Q4Q4Q4Q==

"node-cron@^3.0.3":
  version "3.0.3"
  resolved "https://registry.yarnpkg.com/node-cron/-/node-cron-3.0.3.tgz"
  integrity sha512-9Z8Q4Q4Q4Q4Q4Q4Q4Q4Q4Q4Q4Q4Q4Q4Q4Q4Q4Q4Q4Q4Q4Q4Q4Q4Q4Q4Q4Q4Q4Q4Q4Q4Q4Q4Q4Q4Q4Q4Q4Q4Q4Q4Q==

"redis@^4.6.10":
  version "4.6.10"
  resolved "https://registry.yarnpkg.com/redis/-/redis-4.6.10.tgz"
  integrity sha512-9Z8Q4Q4Q4Q4Q4Q4Q4Q4Q4Q4Q4Q4Q4Q4Q4Q4Q4Q4Q4Q4Q4Q4Q4Q4Q4Q4Q4Q4Q4Q4Q4Q4Q4Q4Q4Q4Q4Q4Q4Q4Q4Q4Q==

"sharp@^0.33.2":
  version "0.33.2"
  resolved "https://registry.yarnpkg.com/sharp/-/sharp-0.33.2.tgz"
  integrity sha512-9Z8Q4Q4Q4Q4Q4Q4Q4Q4Q4Q4Q4Q4Q4Q4Q4Q4Q4Q4Q4Q4Q4Q4Q4Q4Q4Q4Q4Q4Q4Q4Q4Q4Q4Q4Q4Q4Q4Q4Q4Q4Q4Q4Q==

"socket.io@^4.7.2":
  version "4.7.2"
  resolved "https://registry.yarnpkg.com/socket.io/-/socket.io-4.7.2.tgz"
  integrity sha512-9Z8Q4Q4Q4Q4Q4Q4Q4Q4Q4Q4Q4Q4Q4Q4Q4Q4Q4Q4Q4Q4Q4Q4Q4Q4Q4Q4Q4Q4Q4Q4Q4Q4Q4Q4Q4Q4Q4Q4Q4Q4Q4Q4Q==

"uuid@^9.0.1":
  version "9.0.1"
  resolved "https://registry.yarnpkg.com/uuid/-/uuid-9.0.1.tgz"
  integrity sha512-9Z8Q4Q4Q4Q4Q4Q4Q4Q4Q4Q4Q4Q4Q4Q4Q4Q4Q4Q4Q4Q4Q4Q4Q4Q4Q4Q4Q4Q4Q4Q4Q4Q4Q4Q4Q4Q4Q4Q4Q4Q4Q4Q4Q==

"winston@^3.11.0":
  version "3.11.0"
  resolved "https://registry.yarnpkg.com/winston/-/winston-3.11.0.tgz"
  integrity sha512-9Z8Q4Q4Q4Q4Q4Q4Q4Q4Q4Q4Q4Q4Q4Q4Q4Q4Q4Q4Q4Q4Q4Q4Q4Q4Q4Q4Q4Q4Q4Q4Q4Q4Q4Q4Q4Q4Q4Q4Q4Q4Q4Q4Q==
